
Microsoft Visual Studio Solution File, Format Version 12.00
# Visual Studio 2012
Project("{FAE04EC0-301F-11D3-BF4B-00C04F79EFBC}") = "1DataGridSample", "DataGridSample\1DataGridSample.csproj", "{F538FEB4-9184-4AE4-9240-DB5CB25A3694}"
EndProject
Project("{FAE04EC0-301F-11D3-BF4B-00C04F79EFBC}") = "2DataGridAndTable", "DataGridAndTable\2DataGridAndTable.csproj", "{3FEC7BBE-059F-4F07-988C-85474364A95C}"
EndProject
Project("{FAE04EC0-301F-11D3-BF4B-00C04F79EFBC}") = "3DataGridColumns", "3DataGridColumns\3DataGridColumns.csproj", "{15B2D9A3-8B6E-4F02-A2D3-8A983DA9C81E}"
EndProject
Project("{FAE04EC0-301F-11D3-BF4B-00C04F79EFBC}") = "4DataGridCellTemplate", "4DataGridCellTemplate\4DataGridCellTemplate.csproj", "{14EF4F26-B4AA-4379-BCB8-1C7BDE01972B}"
EndProject
Project("{FAE04EC0-301F-11D3-BF4B-00C04F79EFBC}") = "5DataGridGrouping", "5DataGridGrouping\5DataGridGrouping.csproj", "{C56D5FC2-CEBC-4A5D-BCF3-8CA7ED921288}"
EndProject
Project("{FAE04EC0-301F-11D3-BF4B-00C04F79EFBC}") = "6DataGridRowDeteils", "6DataGridRowDeteils\6DataGridRowDeteils.csproj", "{E01D25AA-D64B-4A90-9F35-BCCB3AB459C7}"
EndProject
Project("{FAE04EC0-301F-11D3-BF4B-00C04F79EFBC}") = "7DataGridTemplateSelector", "7DataGridTemplateSelector\7DataGridTemplateSelector.csproj", "{C96E104B-A2F8-448F-A096-28230D0FD76B}"
EndProject
Global
	GlobalSection(SolutionConfigurationPlatforms) = preSolution
		Debug|x86 = Debug|x86
		Release|x86 = Release|x86
	EndGlobalSection
	GlobalSection(ProjectConfigurationPlatforms) = postSolution
		{F538FEB4-9184-4AE4-9240-DB5CB25A3694}.Debug|x86.ActiveCfg = Debug|x86
		{F538FEB4-9184-4AE4-9240-DB5CB25A3694}.Debug|x86.Build.0 = Debug|x86
		{F538FEB4-9184-4AE4-9240-DB5CB25A3694}.Release|x86.ActiveCfg = Release|x86
		{F538FEB4-9184-4AE4-9240-DB5CB25A3694}.Release|x86.Build.0 = Release|x86
		{3FEC7BBE-059F-4F07-988C-85474364A95C}.Debug|x86.ActiveCfg = Debug|x86
		{3FEC7BBE-059F-4F07-988C-85474364A95C}.Debug|x86.Build.0 = Debug|x86
		{3FEC7BBE-059F-4F07-988C-85474364A95C}.Release|x86.ActiveCfg = Release|x86
		{3FEC7BBE-059F-4F07-988C-85474364A95C}.Release|x86.Build.0 = Release|x86
		{15B2D9A3-8B6E-4F02-A2D3-8A983DA9C81E}.Debug|x86.ActiveCfg = Debug|x86
		{15B2D9A3-8B6E-4F02-A2D3-8A983DA9C81E}.Debug|x86.Build.0 = Debug|x86
		{15B2D9A3-8B6E-4F02-A2D3-8A983DA9C81E}.Release|x86.ActiveCfg = Release|x86
		{15B2D9A3-8B6E-4F02-A2D3-8A983DA9C81E}.Release|x86.Build.0 = Release|x86
		{14EF4F26-B4AA-4379-BCB8-1C7BDE01972B}.Debug|x86.ActiveCfg = Debug|x86
		{14EF4F26-B4AA-4379-BCB8-1C7BDE01972B}.Debug|x86.Build.0 = Debug|x86
		{14EF4F26-B4AA-4379-BCB8-1C7BDE01972B}.Release|x86.ActiveCfg = Release|x86
		{14EF4F26-B4AA-4379-BCB8-1C7BDE01972B}.Release|x86.Build.0 = Release|x86
		{C56D5FC2-CEBC-4A5D-BCF3-8CA7ED921288}.Debug|x86.ActiveCfg = Debug|x86
		{C56D5FC2-CEBC-4A5D-BCF3-8CA7ED921288}.Debug|x86.Build.0 = Debug|x86
		{C56D5FC2-CEBC-4A5D-BCF3-8CA7ED921288}.Release|x86.ActiveCfg = Release|x86
		{C56D5FC2-CEBC-4A5D-BCF3-8CA7ED921288}.Release|x86.Build.0 = Release|x86
		{E01D25AA-D64B-4A90-9F35-BCCB3AB459C7}.Debug|x86.ActiveCfg = Debug|x86
		{E01D25AA-D64B-4A90-9F35-BCCB3AB459C7}.Debug|x86.Build.0 = Debug|x86
		{E01D25AA-D64B-4A90-9F35-BCCB3AB459C7}.Release|x86.ActiveCfg = Release|x86
		{E01D25AA-D64B-4A90-9F35-BCCB3AB459C7}.Release|x86.Build.0 = Release|x86
		{C96E104B-A2F8-448F-A096-28230D0FD76B}.Debug|x86.ActiveCfg = Debug|x86
		{C96E104B-A2F8-448F-A096-28230D0FD76B}.Debug|x86.Build.0 = Debug|x86
		{C96E104B-A2F8-448F-A096-28230D0FD76B}.Release|x86.ActiveCfg = Release|x86
		{C96E104B-A2F8-448F-A096-28230D0FD76B}.Release|x86.Build.0 = Release|x86
	EndGlobalSection
	GlobalSection(SolutionProperties) = preSolution
		HideSolutionNode = FALSE
	EndGlobalSection
EndGlobal
